{
  "name": "smart-router",
  "lockfileVersion": 3,
  "requires": true,
  "packages": {
    "": {
      "dependencies": {
        "@amit-t/skill-grill-me": "^1.0.1"
      }
    },
    "node_modules/@amit-t/skill-grill-me": {
      "version": "1.0.1",
      "resolved": "https://registry.npmjs.org/@amit-t/skill-grill-me/-/skill-grill-me-1.0.1.tgz",
      "integrity": "sha512-0R9RuSdRzAnAnKIdtTBcOahGYbK5NnEvDuwQZZx/kjuNe/9FhZ5fqPAtamg5zHc6NkNUKOMZcU1dC9RxTIXHLA==",
      "license": "MIT",
      "bin": {
        "skill-grill-me": "bin/skill-grill-me"
      }
    }
  }
}
